<?xml version="1.0" encoding="utf-8"?>
<Project ToolsVersion="4.0" xmlns="http://schemas.microsoft.com/developer/msbuild/2003">
  <ItemGroup>
    <ClInclude Include="main.h" />
    <ClInclude Include="crt.h" />
    <ClInclude Include="adat.h" />
    <ClInclude Include="collection.h" />
    <ClInclude Include="io.h" />
    <ClInclude Include="agrw.h" />
    <ClInclude Include="win.h" />
    <ClInclude Include="stringcreator.h" />
  </ItemGroup>
  <ItemGroup>
    <ClCompile Include="symbol.cpp" />
    <ClCompile Include="crt.cpp" />
    <ClCompile Include="collection.cpp" />
    <ClCompile Include="io.cpp" />
    <ClCompile Include="expression.cpp" />
    <ClCompile Include="main.cpp" />
    <ClCompile Include="win_console.cpp" />
    <ClCompile Include="win_io_file.cpp" />
    <ClCompile Include="stringcreator.cpp" />
    <ClCompile Include="szdup.cpp" />
  </ItemGroup>
</Project>